
Microsoft Visual Studio Solution File, Format Version 10.00
# Visual Studio 2008
Project("{8BC9CEB8-8B4A-11D0-8D11-00A0C91BC942}") = "rkloader", "rkloader.vcproj", "{3ADA6914-D1A1-4BA8-BC30-60BB95C308FD}"
EndProject
Global
	GlobalSection(SolutionConfigurationPlatforms) = preSolution
		Debug|Win32 = Debug|Win32
		Release|Win32 = Release|Win32
	EndGlobalSection
	GlobalSection(ProjectConfigurationPlatforms) = postSolution
		{3ADA6914-D1A1-4BA8-BC30-60BB95C308FD}.Debug|Win32.ActiveCfg = Debug|Win32
		{3ADA6914-D1A1-4BA8-BC30-60BB95C308FD}.Debug|Win32.Build.0 = Debug|Win32
		{3ADA6914-D1A1-4BA8-BC30-60BB95C308FD}.Release|Win32.ActiveCfg = Release|Win32
		{3ADA6914-D1A1-4BA8-BC30-60BB95C308FD}.Release|Win32.Build.0 = Release|Win32
	EndGlobalSection
	GlobalSection(SolutionProperties) = preSolution
		HideSolutionNode = FALSE
	EndGlobalSection
EndGlobal
